
Microsoft Visual Studio Solution File, Format Version 12.00
# Visual Studio Version 16
VisualStudioVersion = 16.0.29920.165
MinimumVisualStudioVersion = 10.0.40219.1
Project("{FAE04EC0-301F-11D3-BF4B-00C04F79EFBC}") = "PerformanceMonitor", "PerformanceMonitor.csproj", "{959765A8-4FCF-4450-891B-3DE15BE00EFF}"
EndProject
Global
	GlobalSection(SolutionConfigurationPlatforms) = preSolution
		Debug|Any CPU = Debug|Any CPU
		Release|Any CPU = Release|Any CPU
	EndGlobalSection
	GlobalSection(ProjectConfigurationPlatforms) = postSolution
		{959765A8-4FCF-4450-891B-3DE15BE00EFF}.Debug|Any CPU.ActiveCfg = Debug|Any CPU
		{959765A8-4FCF-4450-891B-3DE15BE00EFF}.Debug|Any CPU.Build.0 = Debug|Any CPU
		{959765A8-4FCF-4450-891B-3DE15BE00EFF}.Release|Any CPU.ActiveCfg = Release|Any CPU
		{959765A8-4FCF-4450-891B-3DE15BE00EFF}.Release|Any CPU.Build.0 = Release|Any CPU
	EndGlobalSection
	GlobalSection(SolutionProperties) = preSolution
		HideSolutionNode = FALSE
	EndGlobalSection
	GlobalSection(ExtensibilityGlobals) = postSolution
		SolutionGuid = {02B328E7-E4AF-4000-82D0-D4FC26B4E0C4}
	EndGlobalSection
EndGlobal
